
Microsoft Visual Studio Solution File, Format Version 12.00
# Visual Studio Version 17
VisualStudioVersion = 17.5.33424.131
MinimumVisualStudioVersion = 10.0.40219.1
Project("{FAE04EC0-301F-11D3-BF4B-00C04F79EFBC}") = "EmployeeWage", "EmployeeWage\EmployeeWage.csproj", "{A9C29309-0364-4E76-B8CA-0100B1B9D7D7}"
EndProject
Global
	GlobalSection(SolutionConfigurationPlatforms) = preSolution
		Debug|Any CPU = Debug|Any CPU
		Release|Any CPU = Release|Any CPU
	EndGlobalSection
	GlobalSection(ProjectConfigurationPlatforms) = postSolution
		{A9C29309-0364-4E76-B8CA-0100B1B9D7D7}.Debug|Any CPU.ActiveCfg = Debug|Any CPU
		{A9C29309-0364-4E76-B8CA-0100B1B9D7D7}.Debug|Any CPU.Build.0 = Debug|Any CPU
		{A9C29309-0364-4E76-B8CA-0100B1B9D7D7}.Release|Any CPU.ActiveCfg = Release|Any CPU
		{A9C29309-0364-4E76-B8CA-0100B1B9D7D7}.Release|Any CPU.Build.0 = Release|Any CPU
	EndGlobalSection
	GlobalSection(SolutionProperties) = preSolution
		HideSolutionNode = FALSE
	EndGlobalSection
	GlobalSection(ExtensibilityGlobals) = postSolution
		SolutionGuid = {BCF42AFF-7C0E-4386-B1DB-FE72E2160E73}
	EndGlobalSection
EndGlobal
